
Microsoft Visual Studio Solution File, Format Version 12.00
# Visual Studio 14
VisualStudioVersion = 14.0.23107.0
MinimumVisualStudioVersion = 10.0.40219.1
Project("{FAE04EC0-301F-11D3-BF4B-00C04F79EFBC}") = "Rumble.Shop", "Rumble.Shop\Rumble.Shop.csproj", "{716D6E0F-3ABE-41C6-A202-38821C84720B}"
EndProject
Project("{FAE04EC0-301F-11D3-BF4B-00C04F79EFBC}") = "Rumble.Shop.iOS", "Rumble.Shop.iOS\Rumble.Shop.iOS.csproj", "{65D39480-29F9-4B5D-8DB4-9AF525E55D12}"
EndProject
Project("{FAE04EC0-301F-11D3-BF4B-00C04F79EFBC}") = "Rumble.Shop.Android", "Rumble.Shop.Android\Rumble.Shop.Android.csproj", "{97BF227B-C109-4A3F-A733-E2FE44F5FA4C}"
EndProject
Global
	GlobalSection(SolutionConfigurationPlatforms) = preSolution
		Ad-Hoc|Any CPU = Ad-Hoc|Any CPU
		Ad-Hoc|iPhone = Ad-Hoc|iPhone
		Ad-Hoc|iPhoneSimulator = Ad-Hoc|iPhoneSimulator
		AppStore|Any CPU = AppStore|Any CPU
		AppStore|iPhone = AppStore|iPhone
		AppStore|iPhoneSimulator = AppStore|iPhoneSimulator
		Debug|Any CPU = Debug|Any CPU
		Debug|iPhone = Debug|iPhone
		Debug|iPhoneSimulator = Debug|iPhoneSimulator
		Release|Any CPU = Release|Any CPU
		Release|iPhone = Release|iPhone
		Release|iPhoneSimulator = Release|iPhoneSimulator
	EndGlobalSection
	GlobalSection(ProjectConfigurationPlatforms) = postSolution
		{716D6E0F-3ABE-41C6-A202-38821C84720B}.Ad-Hoc|Any CPU.ActiveCfg = Release|Any CPU
		{716D6E0F-3ABE-41C6-A202-38821C84720B}.Ad-Hoc|Any CPU.Build.0 = Release|Any CPU
		{716D6E0F-3ABE-41C6-A202-38821C84720B}.Ad-Hoc|iPhone.ActiveCfg = Release|Any CPU
		{716D6E0F-3ABE-41C6-A202-38821C84720B}.Ad-Hoc|iPhone.Build.0 = Release|Any CPU
		{716D6E0F-3ABE-41C6-A202-38821C84720B}.Ad-Hoc|iPhoneSimulator.ActiveCfg = Release|Any CPU
		{716D6E0F-3ABE-41C6-A202-38821C84720B}.Ad-Hoc|iPhoneSimulator.Build.0 = Release|Any CPU
		{716D6E0F-3ABE-41C6-A202-38821C84720B}.AppStore|Any CPU.ActiveCfg = Release|Any CPU
		{716D6E0F-3ABE-41C6-A202-38821C84720B}.AppStore|Any CPU.Build.0 = Release|Any CPU
		{716D6E0F-3ABE-41C6-A202-38821C84720B}.AppStore|iPhone.ActiveCfg = Release|Any CPU
		{716D6E0F-3ABE-41C6-A202-38821C84720B}.AppStore|iPhone.Build.0 = Release|Any CPU
		{716D6E0F-3ABE-41C6-A202-38821C84720B}.AppStore|iPhoneSimulator.ActiveCfg = Release|Any CPU
		{716D6E0F-3ABE-41C6-A202-38821C84720B}.AppStore|iPhoneSimulator.Build.0 = Release|Any CPU
		{716D6E0F-3ABE-41C6-A202-38821C84720B}.Debug|Any CPU.ActiveCfg = Debug|Any CPU
		{716D6E0F-3ABE-41C6-A202-38821C84720B}.Debug|Any CPU.Build.0 = Debug|Any CPU
		{716D6E0F-3ABE-41C6-A202-38821C84720B}.Debug|iPhone.ActiveCfg = Debug|Any CPU
		{716D6E0F-3ABE-41C6-A202-38821C84720B}.Debug|iPhone.Build.0 = Debug|Any CPU
		{716D6E0F-3ABE-41C6-A202-38821C84720B}.Debug|iPhoneSimulator.ActiveCfg = Debug|Any CPU
		{716D6E0F-3ABE-41C6-A202-38821C84720B}.Debug|iPhoneSimulator.Build.0 = Debug|Any CPU
		{716D6E0F-3ABE-41C6-A202-38821C84720B}.Release|Any CPU.ActiveCfg = Release|Any CPU
		{716D6E0F-3ABE-41C6-A202-38821C84720B}.Release|Any CPU.Build.0 = Release|Any CPU
		{716D6E0F-3ABE-41C6-A202-38821C84720B}.Release|iPhone.ActiveCfg = Release|Any CPU
		{716D6E0F-3ABE-41C6-A202-38821C84720B}.Release|iPhone.Build.0 = Release|Any CPU
		{716D6E0F-3ABE-41C6-A202-38821C84720B}.Release|iPhoneSimulator.ActiveCfg = Release|Any CPU
		{716D6E0F-3ABE-41C6-A202-38821C84720B}.Release|iPhoneSimulator.Build.0 = Release|Any CPU
		{65D39480-29F9-4B5D-8DB4-9AF525E55D12}.Ad-Hoc|Any CPU.ActiveCfg = Ad-Hoc|iPhone
		{65D39480-29F9-4B5D-8DB4-9AF525E55D12}.Ad-Hoc|iPhone.ActiveCfg = Ad-Hoc|iPhone
		{65D39480-29F9-4B5D-8DB4-9AF525E55D12}.Ad-Hoc|iPhone.Build.0 = Ad-Hoc|iPhone
		{65D39480-29F9-4B5D-8DB4-9AF525E55D12}.Ad-Hoc|iPhoneSimulator.ActiveCfg = Ad-Hoc|iPhoneSimulator
		{65D39480-29F9-4B5D-8DB4-9AF525E55D12}.Ad-Hoc|iPhoneSimulator.Build.0 = Ad-Hoc|iPhoneSimulator
		{65D39480-29F9-4B5D-8DB4-9AF525E55D12}.AppStore|Any CPU.ActiveCfg = AppStore|iPhone
		{65D39480-29F9-4B5D-8DB4-9AF525E55D12}.AppStore|iPhone.ActiveCfg = AppStore|iPhone
		{65D39480-29F9-4B5D-8DB4-9AF525E55D12}.AppStore|iPhone.Build.0 = AppStore|iPhone
		{65D39480-29F9-4B5D-8DB4-9AF525E55D12}.AppStore|iPhoneSimulator.ActiveCfg = AppStore|iPhoneSimulator
		{65D39480-29F9-4B5D-8DB4-9AF525E55D12}.AppStore|iPhoneSimulator.Build.0 = AppStore|iPhoneSimulator
		{65D39480-29F9-4B5D-8DB4-9AF525E55D12}.Debug|Any CPU.ActiveCfg = Debug|iPhone
		{65D39480-29F9-4B5D-8DB4-9AF525E55D12}.Debug|iPhone.ActiveCfg = Debug|iPhone
		{65D39480-29F9-4B5D-8DB4-9AF525E55D12}.Debug|iPhone.Build.0 = Debug|iPhone
		{65D39480-29F9-4B5D-8DB4-9AF525E55D12}.Debug|iPhoneSimulator.ActiveCfg = Debug|iPhoneSimulator
		{65D39480-29F9-4B5D-8DB4-9AF525E55D12}.Debug|iPhoneSimulator.Build.0 = Debug|iPhoneSimulator
		{65D39480-29F9-4B5D-8DB4-9AF525E55D12}.Release|Any CPU.ActiveCfg = Release|iPhone
		{65D39480-29F9-4B5D-8DB4-9AF525E55D12}.Release|iPhone.ActiveCfg = Release|iPhone
		{65D39480-29F9-4B5D-8DB4-9AF525E55D12}.Release|iPhone.Build.0 = Release|iPhone
		{65D39480-29F9-4B5D-8DB4-9AF525E55D12}.Release|iPhoneSimulator.ActiveCfg = Release|iPhoneSimulator
		{65D39480-29F9-4B5D-8DB4-9AF525E55D12}.Release|iPhoneSimulator.Build.0 = Release|iPhoneSimulator
		{97BF227B-C109-4A3F-A733-E2FE44F5FA4C}.Ad-Hoc|Any CPU.ActiveCfg = Release|Any CPU
		{97BF227B-C109-4A3F-A733-E2FE44F5FA4C}.Ad-Hoc|Any CPU.Build.0 = Release|Any CPU
		{97BF227B-C109-4A3F-A733-E2FE44F5FA4C}.Ad-Hoc|Any CPU.Deploy.0 = Release|Any CPU
		{97BF227B-C109-4A3F-A733-E2FE44F5FA4C}.Ad-Hoc|iPhone.ActiveCfg = Release|Any CPU
		{97BF227B-C109-4A3F-A733-E2FE44F5FA4C}.Ad-Hoc|iPhone.Build.0 = Release|Any CPU
		{97BF227B-C109-4A3F-A733-E2FE44F5FA4C}.Ad-Hoc|iPhone.Deploy.0 = Release|Any CPU
		{97BF227B-C109-4A3F-A733-E2FE44F5FA4C}.Ad-Hoc|iPhoneSimulator.ActiveCfg = Release|Any CPU
		{97BF227B-C109-4A3F-A733-E2FE44F5FA4C}.Ad-Hoc|iPhoneSimulator.Build.0 = Release|Any CPU
		{97BF227B-C109-4A3F-A733-E2FE44F5FA4C}.Ad-Hoc|iPhoneSimulator.Deploy.0 = Release|Any CPU
		{97BF227B-C109-4A3F-A733-E2FE44F5FA4C}.AppStore|Any CPU.ActiveCfg = Release|Any CPU
		{97BF227B-C109-4A3F-A733-E2FE44F5FA4C}.AppStore|Any CPU.Build.0 = Release|Any CPU
		{97BF227B-C109-4A3F-A733-E2FE44F5FA4C}.AppStore|Any CPU.Deploy.0 = Release|Any CPU
		{97BF227B-C109-4A3F-A733-E2FE44F5FA4C}.AppStore|iPhone.ActiveCfg = Release|Any CPU
		{97BF227B-C109-4A3F-A733-E2FE44F5FA4C}.AppStore|iPhone.Build.0 = Release|Any CPU
		{97BF227B-C109-4A3F-A733-E2FE44F5FA4C}.AppStore|iPhone.Deploy.0 = Release|Any CPU
		{97BF227B-C109-4A3F-A733-E2FE44F5FA4C}.AppStore|iPhoneSimulator.ActiveCfg = Release|Any CPU
		{97BF227B-C109-4A3F-A733-E2FE44F5FA4C}.AppStore|iPhoneSimulator.Build.0 = Release|Any CPU
		{97BF227B-C109-4A3F-A733-E2FE44F5FA4C}.AppStore|iPhoneSimulator.Deploy.0 = Release|Any CPU
		{97BF227B-C109-4A3F-A733-E2FE44F5FA4C}.Debug|Any CPU.ActiveCfg = Debug|Any CPU
		{97BF227B-C109-4A3F-A733-E2FE44F5FA4C}.Debug|Any CPU.Build.0 = Debug|Any CPU
		{97BF227B-C109-4A3F-A733-E2FE44F5FA4C}.Debug|Any CPU.Deploy.0 = Debug|Any CPU
		{97BF227B-C109-4A3F-A733-E2FE44F5FA4C}.Debug|iPhone.ActiveCfg = Debug|Any CPU
		{97BF227B-C109-4A3F-A733-E2FE44F5FA4C}.Debug|iPhone.Build.0 = Debug|Any CPU
		{97BF227B-C109-4A3F-A733-E2FE44F5FA4C}.Debug|iPhone.Deploy.0 = Debug|Any CPU
		{97BF227B-C109-4A3F-A733-E2FE44F5FA4C}.Debug|iPhoneSimulator.ActiveCfg = Debug|Any CPU
		{97BF227B-C109-4A3F-A733-E2FE44F5FA4C}.Debug|iPhoneSimulator.Build.0 = Debug|Any CPU
		{97BF227B-C109-4A3F-A733-E2FE44F5FA4C}.Debug|iPhoneSimulator.Deploy.0 = Debug|Any CPU
		{97BF227B-C109-4A3F-A733-E2FE44F5FA4C}.Release|Any CPU.ActiveCfg = Release|Any CPU
		{97BF227B-C109-4A3F-A733-E2FE44F5FA4C}.Release|Any CPU.Build.0 = Release|Any CPU
		{97BF227B-C109-4A3F-A733-E2FE44F5FA4C}.Release|Any CPU.Deploy.0 = Release|Any CPU
		{97BF227B-C109-4A3F-A733-E2FE44F5FA4C}.Release|iPhone.ActiveCfg = Release|Any CPU
		{97BF227B-C109-4A3F-A733-E2FE44F5FA4C}.Release|iPhone.Build.0 = Release|Any CPU
		{97BF227B-C109-4A3F-A733-E2FE44F5FA4C}.Release|iPhone.Deploy.0 = Release|Any CPU
		{97BF227B-C109-4A3F-A733-E2FE44F5FA4C}.Release|iPhoneSimulator.ActiveCfg = Release|Any CPU
		{97BF227B-C109-4A3F-A733-E2FE44F5FA4C}.Release|iPhoneSimulator.Build.0 = Release|Any CPU
		{97BF227B-C109-4A3F-A733-E2FE44F5FA4C}.Release|iPhoneSimulator.Deploy.0 = Release|Any CPU
	EndGlobalSection
	GlobalSection(SolutionProperties) = preSolution
		HideSolutionNode = FALSE
	EndGlobalSection
EndGlobal
